// !$*UTF8*$!
{
	archiveVersion = 1;
	classes = {
	};
	objectVersion = 46;
	objects = {

/* Begin PBXBuildFile section */
		4803C80B1CC3B323007550E6 /* LoginViewController.m in Sources */ = {isa = PBXBuildFile; fileRef = 4803C7F71CC3B323007550E6 /* LoginViewController.m */; };
		4803C80C1CC3B323007550E6 /* LoginViewController.xib in Resources */ = {isa = PBXBuildFile; fileRef = 4803C7F81CC3B323007550E6 /* LoginViewController.xib */; };
		4803C80D1CC3B323007550E6 /* LoginViewOneCell.m in Sources */ = {isa = PBXBuildFile; fileRef = 4803C7FA1CC3B323007550E6 /* LoginViewOneCell.m */; };
		4803C80E1CC3B323007550E6 /* LoginViewOneCell.xib in Resources */ = {isa = PBXBuildFile; fileRef = 4803C7FB1CC3B323007550E6 /* LoginViewOneCell.xib */; };
		4803C8111CC3B323007550E6 /* LoginViewTwoCell.m in Sources */ = {isa = PBXBuildFile; fileRef = 4803C8001CC3B323007550E6 /* LoginViewTwoCell.m */; };
		4803C8121CC3B323007550E6 /* LoginViewTwoCell.xib in Resources */ = {isa = PBXBuildFile; fileRef = 4803C8011CC3B323007550E6 /* LoginViewTwoCell.xib */; };
		487D48B01CC3D9EE005DE19D /* BaseViewController.m in Sources */ = {isa = PBXBuildFile; fileRef = 487D48AF1CC3D9EE005DE19D /* BaseViewController.m */; };
		487D48C31CC3E350005DE19D /* QuitTableViewCell.m in Sources */ = {isa = PBXBuildFile; fileRef = 487D48BE1CC3E350005DE19D /* QuitTableViewCell.m */; };
		487D48C41CC3E350005DE19D /* QuitTableViewCell.xib in Resources */ = {isa = PBXBuildFile; fileRef = 487D48BF1CC3E350005DE19D /* QuitTableViewCell.xib */; };
		487D48C51CC3E350005DE19D /* SettingViewController.m in Sources */ = {isa = PBXBuildFile; fileRef = 487D48C11CC3E350005DE19D /* SettingViewController.m */; };
		487D48C61CC3E350005DE19D /* SettingViewController.xib in Resources */ = {isa = PBXBuildFile; fileRef = 487D48C21CC3E350005DE19D /* SettingViewController.xib */; };
		487D48CA1CC3E365005DE19D /* SettingInforTableViewCell.m in Sources */ = {isa = PBXBuildFile; fileRef = 487D48C81CC3E365005DE19D /* SettingInforTableViewCell.m */; };
		487D48CB1CC3E365005DE19D /* SettingInforTableViewCell.xib in Resources */ = {isa = PBXBuildFile; fileRef = 487D48C91CC3E365005DE19D /* SettingInforTableViewCell.xib */; };
		487D48CE1CC3EAD4005DE19D /* UIAlertView+XPAlertView.m in Sources */ = {isa = PBXBuildFile; fileRef = 487D48CD1CC3EAD4005DE19D /* UIAlertView+XPAlertView.m */; };
		6D12EC661CB517650003A03B /* main.m in Sources */ = {isa = PBXBuildFile; fileRef = 6D12EC651CB517650003A03B /* main.m */; };
		6D12EC691CB517650003A03B /* AppDelegate.m in Sources */ = {isa = PBXBuildFile; fileRef = 6D12EC681CB517650003A03B /* AppDelegate.m */; };
		6D12EC711CB517650003A03B /* Assets.xcassets in Resources */ = {isa = PBXBuildFile; fileRef = 6D12EC701CB517650003A03B /* Assets.xcassets */; };
		6D12EC801CB5FFC70003A03B /* Localizable.strings in Resources */ = {isa = PBXBuildFile; fileRef = 6D12EC821CB5FFC70003A03B /* Localizable.strings */; };
		6D12EC8C1CB604010003A03B /* InfoPlist.strings in Resources */ = {isa = PBXBuildFile; fileRef = 6D12EC8E1CB604010003A03B /* InfoPlist.strings */; };
		6D12EC921CB6061E0003A03B /* CustomerMessageListViewController.m in Sources */ = {isa = PBXBuildFile; fileRef = 6D12EC911CB6061E0003A03B /* CustomerMessageListViewController.m */; };
		6D12EC961CB606390003A03B /* MessageConversationCell.m in Sources */ = {isa = PBXBuildFile; fileRef = 6D12EC941CB606390003A03B /* MessageConversationCell.m */; };
		6D12EC971CB606390003A03B /* MessageConversationCell.xib in Resources */ = {isa = PBXBuildFile; fileRef = 6D12EC951CB606390003A03B /* MessageConversationCell.xib */; };
		6D25219E1CBFF598004C6FBE /* CustomerSupportViewController.m in Sources */ = {isa = PBXBuildFile; fileRef = 6D25219D1CBFF598004C6FBE /* CustomerSupportViewController.m */; };
		6D2521A11CC1D58F004C6FBE /* CustomerSupportMessageDB.m in Sources */ = {isa = PBXBuildFile; fileRef = 6D2521A01CC1D58F004C6FBE /* CustomerSupportMessageDB.m */; };
		6D2521A41CC1D8F1004C6FBE /* CustomerConversation.m in Sources */ = {isa = PBXBuildFile; fileRef = 6D2521A31CC1D8F1004C6FBE /* CustomerConversation.m */; };
		6D2521A71CC1DF27004C6FBE /* CustomerSupportMessageHandler.m in Sources */ = {isa = PBXBuildFile; fileRef = 6D2521A61CC1DF27004C6FBE /* CustomerSupportMessageHandler.m */; };
		6D25B3C11DC19D64009F99EA /* API.m in Sources */ = {isa = PBXBuildFile; fileRef = 6D25B3C01DC19D64009F99EA /* API.m */; };
		6D25B3C41DC1BF02009F99EA /* Profile.m in Sources */ = {isa = PBXBuildFile; fileRef = 6D25B3C31DC1BF02009F99EA /* Profile.m */; };
		6D485DFB1CC3612E0082588F /* CustomerSupportOutbox.m in Sources */ = {isa = PBXBuildFile; fileRef = 6D485DFA1CC3612E0082588F /* CustomerSupportOutbox.m */; };
		6D485E051CC71E660082588F /* MainViewController.m in Sources */ = {isa = PBXBuildFile; fileRef = 6D485E041CC71E660082588F /* MainViewController.m */; };
		6D485E131CE17ED90082588F /* RobotViewController.m in Sources */ = {isa = PBXBuildFile; fileRef = 6D485E121CE17ED90082588F /* RobotViewController.m */; };
		6D76AFC21D0FC19100C9E89A /* ResolveUtil.m in Sources */ = {isa = PBXBuildFile; fileRef = 6D76AFC11D0FC19100C9E89A /* ResolveUtil.m */; };
		6D76AFC41D0FC1F100C9E89A /* libresolv.tbd in Frameworks */ = {isa = PBXBuildFile; fileRef = 6D76AFC31D0FC1F100C9E89A /* libresolv.tbd */; };
		6DBB2CCA1DBDBCC800BC545A /* XWMessageViewController.m in Sources */ = {isa = PBXBuildFile; fileRef = 6DBB2CC91DBDBCC800BC545A /* XWMessageViewController.m */; };
		6DBB2CCD1DBDC06500BC545A /* XWCustomerOutbox.m in Sources */ = {isa = PBXBuildFile; fileRef = 6DBB2CCC1DBDC06500BC545A /* XWCustomerOutbox.m */; };
		6DBB2CD71DBE246800BC545A /* AppDB.m in Sources */ = {isa = PBXBuildFile; fileRef = 6DBB2CD01DBE246800BC545A /* AppDB.m */; };
		6DBB2CD81DBE246800BC545A /* ConversationDB.m in Sources */ = {isa = PBXBuildFile; fileRef = 6DBB2CD21DBE246800BC545A /* ConversationDB.m */; };
		6DBB2CD91DBE246800BC545A /* Token.m in Sources */ = {isa = PBXBuildFile; fileRef = 6DBB2CD41DBE246800BC545A /* Token.m */; };
		6DBB2CDA1DBE246800BC545A /* User.m in Sources */ = {isa = PBXBuildFile; fileRef = 6DBB2CD61DBE246800BC545A /* User.m */; };
		C5F26F771D27A072D32C2FDA /* libPods-kefu.a in Frameworks */ = {isa = PBXBuildFile; fileRef = F009DD8FF86F9E4672B5E65B /* libPods-kefu.a */; };
/* End PBXBuildFile section */

/* Begin PBXFileReference section */
		365D915E778939EA0F924E59 /* Pods-kefu.release.xcconfig */ = {isa = PBXFileReference; includeInIndex = 1; lastKnownFileType = text.xcconfig; name = "Pods-kefu.release.xcconfig"; path = "Pods/Target Support Files/Pods-kefu/Pods-kefu.release.xcconfig"; sourceTree = "<group>"; };
		4803C7F61CC3B323007550E6 /* LoginViewController.h */ = {isa = PBXFileReference; fileEncoding = 4; lastKnownFileType = sourcecode.c.h; path = LoginViewController.h; sourceTree = "<group>"; };
		4803C7F71CC3B323007550E6 /* LoginViewController.m */ = {isa = PBXFileReference; fileEncoding = 4; lastKnownFileType = sourcecode.c.objc; path = LoginViewController.m; sourceTree = "<group>"; };
		4803C7F81CC3B323007550E6 /* LoginViewController.xib */ = {isa = PBXFileReference; fileEncoding = 4; lastKnownFileType = file.xib; path = LoginViewController.xib; sourceTree = "<group>"; };
		4803C7F91CC3B323007550E6 /* LoginViewOneCell.h */ = {isa = PBXFileReference; fileEncoding = 4; lastKnownFileType = sourcecode.c.h; path = LoginViewOneCell.h; sourceTree = "<group>"; };
		4803C7FA1CC3B323007550E6 /* LoginViewOneCell.m */ = {isa = PBXFileReference; fileEncoding = 4; lastKnownFileType = sourcecode.c.objc; path = LoginViewOneCell.m; sourceTree = "<group>"; };
		4803C7FB1CC3B323007550E6 /* LoginViewOneCell.xib */ = {isa = PBXFileReference; fileEncoding = 4; lastKnownFileType = file.xib; path = LoginViewOneCell.xib; sourceTree = "<group>"; };
		4803C7FF1CC3B323007550E6 /* LoginViewTwoCell.h */ = {isa = PBXFileReference; fileEncoding = 4; lastKnownFileType = sourcecode.c.h; path = LoginViewTwoCell.h; sourceTree = "<group>"; };
		4803C8001CC3B323007550E6 /* LoginViewTwoCell.m */ = {isa = PBXFileReference; fileEncoding = 4; lastKnownFileType = sourcecode.c.objc; path = LoginViewTwoCell.m; sourceTree = "<group>"; };
		4803C8011CC3B323007550E6 /* LoginViewTwoCell.xib */ = {isa = PBXFileReference; fileEncoding = 4; lastKnownFileType = file.xib; path = LoginViewTwoCell.xib; sourceTree = "<group>"; };
		487D48AE1CC3D9EE005DE19D /* BaseViewController.h */ = {isa = PBXFileReference; fileEncoding = 4; lastKnownFileType = sourcecode.c.h; path = BaseViewController.h; sourceTree = "<group>"; };
		487D48AF1CC3D9EE005DE19D /* BaseViewController.m */ = {isa = PBXFileReference; fileEncoding = 4; lastKnownFileType = sourcecode.c.objc; path = BaseViewController.m; sourceTree = "<group>"; };
		487D48BD1CC3E350005DE19D /* QuitTableViewCell.h */ = {isa = PBXFileReference; fileEncoding = 4; lastKnownFileType = sourcecode.c.h; path = QuitTableViewCell.h; sourceTree = "<group>"; };
		487D48BE1CC3E350005DE19D /* QuitTableViewCell.m */ = {isa = PBXFileReference; fileEncoding = 4; lastKnownFileType = sourcecode.c.objc; path = QuitTableViewCell.m; sourceTree = "<group>"; };
		487D48BF1CC3E350005DE19D /* QuitTableViewCell.xib */ = {isa = PBXFileReference; fileEncoding = 4; lastKnownFileType = file.xib; path = QuitTableViewCell.xib; sourceTree = "<group>"; };
		487D48C01CC3E350005DE19D /* SettingViewController.h */ = {isa = PBXFileReference; fileEncoding = 4; lastKnownFileType = sourcecode.c.h; path = SettingViewController.h; sourceTree = "<group>"; };
		487D48C11CC3E350005DE19D /* SettingViewController.m */ = {isa = PBXFileReference; fileEncoding = 4; lastKnownFileType = sourcecode.c.objc; path = SettingViewController.m; sourceTree = "<group>"; };
		487D48C21CC3E350005DE19D /* SettingViewController.xib */ = {isa = PBXFileReference; fileEncoding = 4; lastKnownFileType = file.xib; path = SettingViewController.xib; sourceTree = "<group>"; };
		487D48C71CC3E365005DE19D /* SettingInforTableViewCell.h */ = {isa = PBXFileReference; fileEncoding = 4; lastKnownFileType = sourcecode.c.h; path = SettingInforTableViewCell.h; sourceTree = "<group>"; };
		487D48C81CC3E365005DE19D /* SettingInforTableViewCell.m */ = {isa = PBXFileReference; fileEncoding = 4; lastKnownFileType = sourcecode.c.objc; path = SettingInforTableViewCell.m; sourceTree = "<group>"; };
		487D48C91CC3E365005DE19D /* SettingInforTableViewCell.xib */ = {isa = PBXFileReference; fileEncoding = 4; lastKnownFileType = file.xib; path = SettingInforTableViewCell.xib; sourceTree = "<group>"; };
		487D48CC1CC3EAD4005DE19D /* UIAlertView+XPAlertView.h */ = {isa = PBXFileReference; fileEncoding = 4; lastKnownFileType = sourcecode.c.h; path = "UIAlertView+XPAlertView.h"; sourceTree = "<group>"; };
		487D48CD1CC3EAD4005DE19D /* UIAlertView+XPAlertView.m */ = {isa = PBXFileReference; fileEncoding = 4; lastKnownFileType = sourcecode.c.objc; path = "UIAlertView+XPAlertView.m"; sourceTree = "<group>"; };
		6D12EC611CB517650003A03B /* kefu.app */ = {isa = PBXFileReference; explicitFileType = wrapper.application; includeInIndex = 0; path = kefu.app; sourceTree = BUILT_PRODUCTS_DIR; };
		6D12EC651CB517650003A03B /* main.m */ = {isa = PBXFileReference; lastKnownFileType = sourcecode.c.objc; path = main.m; sourceTree = "<group>"; };
		6D12EC671CB517650003A03B /* AppDelegate.h */ = {isa = PBXFileReference; lastKnownFileType = sourcecode.c.h; path = AppDelegate.h; sourceTree = "<group>"; };
		6D12EC681CB517650003A03B /* AppDelegate.m */ = {isa = PBXFileReference; lastKnownFileType = sourcecode.c.objc; path = AppDelegate.m; sourceTree = "<group>"; };
		6D12EC701CB517650003A03B /* Assets.xcassets */ = {isa = PBXFileReference; lastKnownFileType = folder.assetcatalog; path = Assets.xcassets; sourceTree = "<group>"; };
		6D12EC811CB5FFC70003A03B /* Base */ = {isa = PBXFileReference; lastKnownFileType = text.plist.strings; name = Base; path = Base.lproj/Localizable.strings; sourceTree = "<group>"; };
		6D12EC841CB600090003A03B /* zh-Hans */ = {isa = PBXFileReference; lastKnownFileType = text.plist.strings; name = "zh-Hans"; path = "zh-Hans.lproj/Localizable.strings"; sourceTree = "<group>"; };
		6D12EC881CB600C60003A03B /* Info.plist */ = {isa = PBXFileReference; fileEncoding = 4; lastKnownFileType = text.plist.xml; path = Info.plist; sourceTree = "<group>"; };
		6D12EC8D1CB604010003A03B /* Base */ = {isa = PBXFileReference; lastKnownFileType = text.plist.strings; name = Base; path = Base.lproj/InfoPlist.strings; sourceTree = "<group>"; };
		6D12EC8F1CB604030003A03B /* zh-Hans */ = {isa = PBXFileReference; lastKnownFileType = text.plist.strings; name = "zh-Hans"; path = "zh-Hans.lproj/InfoPlist.strings"; sourceTree = "<group>"; };
		6D12EC901CB6061E0003A03B /* CustomerMessageListViewController.h */ = {isa = PBXFileReference; fileEncoding = 4; lastKnownFileType = sourcecode.c.h; path = CustomerMessageListViewController.h; sourceTree = "<group>"; };
		6D12EC911CB6061E0003A03B /* CustomerMessageListViewController.m */ = {isa = PBXFileReference; fileEncoding = 4; lastKnownFileType = sourcecode.c.objc; path = CustomerMessageListViewController.m; sourceTree = "<group>"; };
		6D12EC931CB606390003A03B /* MessageConversationCell.h */ = {isa = PBXFileReference; fileEncoding = 4; lastKnownFileType = sourcecode.c.h; path = MessageConversationCell.h; sourceTree = "<group>"; };
		6D12EC941CB606390003A03B /* MessageConversationCell.m */ = {isa = PBXFileReference; fileEncoding = 4; lastKnownFileType = sourcecode.c.objc; path = MessageConversationCell.m; sourceTree = "<group>"; };
		6D12EC951CB606390003A03B /* MessageConversationCell.xib */ = {isa = PBXFileReference; fileEncoding = 4; lastKnownFileType = file.xib; path = MessageConversationCell.xib; sourceTree = "<group>"; };
		6D25219C1CBFF598004C6FBE /* CustomerSupportViewController.h */ = {isa = PBXFileReference; fileEncoding = 4; lastKnownFileType = sourcecode.c.h; path = CustomerSupportViewController.h; sourceTree = "<group>"; };
		6D25219D1CBFF598004C6FBE /* CustomerSupportViewController.m */ = {isa = PBXFileReference; fileEncoding = 4; lastKnownFileType = sourcecode.c.objc; path = CustomerSupportViewController.m; sourceTree = "<group>"; };
		6D25219F1CC1D58F004C6FBE /* CustomerSupportMessageDB.h */ = {isa = PBXFileReference; fileEncoding = 4; lastKnownFileType = sourcecode.c.h; path = CustomerSupportMessageDB.h; sourceTree = "<group>"; };
		6D2521A01CC1D58F004C6FBE /* CustomerSupportMessageDB.m */ = {isa = PBXFileReference; fileEncoding = 4; lastKnownFileType = sourcecode.c.objc; path = CustomerSupportMessageDB.m; sourceTree = "<group>"; };
		6D2521A21CC1D8F1004C6FBE /* CustomerConversation.h */ = {isa = PBXFileReference; fileEncoding = 4; lastKnownFileType = sourcecode.c.h; path = CustomerConversation.h; sourceTree = "<group>"; };
		6D2521A31CC1D8F1004C6FBE /* CustomerConversation.m */ = {isa = PBXFileReference; fileEncoding = 4; lastKnownFileType = sourcecode.c.objc; path = CustomerConversation.m; sourceTree = "<group>"; };
		6D2521A51CC1DF27004C6FBE /* CustomerSupportMessageHandler.h */ = {isa = PBXFileReference; fileEncoding = 4; lastKnownFileType = sourcecode.c.h; path = CustomerSupportMessageHandler.h; sourceTree = "<group>"; };
		6D2521A61CC1DF27004C6FBE /* CustomerSupportMessageHandler.m */ = {isa = PBXFileReference; fileEncoding = 4; lastKnownFileType = sourcecode.c.objc; path = CustomerSupportMessageHandler.m; sourceTree = "<group>"; };
		6D25B3BF1DC19D64009F99EA /* API.h */ = {isa = PBXFileReference; fileEncoding = 4; lastKnownFileType = sourcecode.c.h; path = API.h; sourceTree = "<group>"; };
		6D25B3C01DC19D64009F99EA /* API.m */ = {isa = PBXFileReference; fileEncoding = 4; lastKnownFileType = sourcecode.c.objc; path = API.m; sourceTree = "<group>"; };
		6D25B3C21DC1BF02009F99EA /* Profile.h */ = {isa = PBXFileReference; fileEncoding = 4; lastKnownFileType = sourcecode.c.h; path = Profile.h; sourceTree = "<group>"; };
		6D25B3C31DC1BF02009F99EA /* Profile.m */ = {isa = PBXFileReference; fileEncoding = 4; lastKnownFileType = sourcecode.c.objc; path = Profile.m; sourceTree = "<group>"; };
		6D485DF91CC3612E0082588F /* CustomerSupportOutbox.h */ = {isa = PBXFileReference; fileEncoding = 4; lastKnownFileType = sourcecode.c.h; path = CustomerSupportOutbox.h; sourceTree = "<group>"; };
		6D485DFA1CC3612E0082588F /* CustomerSupportOutbox.m */ = {isa = PBXFileReference; fileEncoding = 4; lastKnownFileType = sourcecode.c.objc; path = CustomerSupportOutbox.m; sourceTree = "<group>"; };
		6D485DFC1CC616610082588F /* Config.h */ = {isa = PBXFileReference; lastKnownFileType = sourcecode.c.h; path = Config.h; sourceTree = "<group>"; };
		6D485E031CC71E660082588F /* MainViewController.h */ = {isa = PBXFileReference; fileEncoding = 4; lastKnownFileType = sourcecode.c.h; path = MainViewController.h; sourceTree = "<group>"; };
		6D485E041CC71E660082588F /* MainViewController.m */ = {isa = PBXFileReference; fileEncoding = 4; lastKnownFileType = sourcecode.c.objc; path = MainViewController.m; sourceTree = "<group>"; };
		6D485E111CE17ED90082588F /* RobotViewController.h */ = {isa = PBXFileReference; fileEncoding = 4; lastKnownFileType = sourcecode.c.h; path = RobotViewController.h; sourceTree = "<group>"; };
		6D485E121CE17ED90082588F /* RobotViewController.m */ = {isa = PBXFileReference; fileEncoding = 4; lastKnownFileType = sourcecode.c.objc; path = RobotViewController.m; sourceTree = "<group>"; };
		6D76AFC01D0FC19100C9E89A /* ResolveUtil.h */ = {isa = PBXFileReference; fileEncoding = 4; lastKnownFileType = sourcecode.c.h; path = ResolveUtil.h; sourceTree = "<group>"; };
		6D76AFC11D0FC19100C9E89A /* ResolveUtil.m */ = {isa = PBXFileReference; fileEncoding = 4; lastKnownFileType = sourcecode.c.objc; path = ResolveUtil.m; sourceTree = "<group>"; };
		6D76AFC31D0FC1F100C9E89A /* libresolv.tbd */ = {isa = PBXFileReference; lastKnownFileType = "sourcecode.text-based-dylib-definition"; name = libresolv.tbd; path = usr/lib/libresolv.tbd; sourceTree = SDKROOT; };
		6DBB2CC81DBDBCC800BC545A /* XWMessageViewController.h */ = {isa = PBXFileReference; fileEncoding = 4; lastKnownFileType = sourcecode.c.h; path = XWMessageViewController.h; sourceTree = "<group>"; };
		6DBB2CC91DBDBCC800BC545A /* XWMessageViewController.m */ = {isa = PBXFileReference; fileEncoding = 4; lastKnownFileType = sourcecode.c.objc; path = XWMessageViewController.m; sourceTree = "<group>"; };
		6DBB2CCB1DBDC06500BC545A /* XWCustomerOutbox.h */ = {isa = PBXFileReference; fileEncoding = 4; lastKnownFileType = sourcecode.c.h; path = XWCustomerOutbox.h; sourceTree = "<group>"; };
		6DBB2CCC1DBDC06500BC545A /* XWCustomerOutbox.m */ = {isa = PBXFileReference; fileEncoding = 4; lastKnownFileType = sourcecode.c.objc; path = XWCustomerOutbox.m; sourceTree = "<group>"; };
		6DBB2CCF1DBE246800BC545A /* AppDB.h */ = {isa = PBXFileReference; fileEncoding = 4; lastKnownFileType = sourcecode.c.h; path = AppDB.h; sourceTree = "<group>"; };
		6DBB2CD01DBE246800BC545A /* AppDB.m */ = {isa = PBXFileReference; fileEncoding = 4; lastKnownFileType = sourcecode.c.objc; path = AppDB.m; sourceTree = "<group>"; };
		6DBB2CD11DBE246800BC545A /* ConversationDB.h */ = {isa = PBXFileReference; fileEncoding = 4; lastKnownFileType = sourcecode.c.h; path = ConversationDB.h; sourceTree = "<group>"; };
		6DBB2CD21DBE246800BC545A /* ConversationDB.m */ = {isa = PBXFileReference; fileEncoding = 4; lastKnownFileType = sourcecode.c.objc; path = ConversationDB.m; sourceTree = "<group>"; };
		6DBB2CD31DBE246800BC545A /* Token.h */ = {isa = PBXFileReference; fileEncoding = 4; lastKnownFileType = sourcecode.c.h; path = Token.h; sourceTree = "<group>"; };
		6DBB2CD41DBE246800BC545A /* Token.m */ = {isa = PBXFileReference; fileEncoding = 4; lastKnownFileType = sourcecode.c.objc; path = Token.m; sourceTree = "<group>"; };
		6DBB2CD51DBE246800BC545A /* User.h */ = {isa = PBXFileReference; fileEncoding = 4; lastKnownFileType = sourcecode.c.h; path = User.h; sourceTree = "<group>"; };
		6DBB2CD61DBE246800BC545A /* User.m */ = {isa = PBXFileReference; fileEncoding = 4; lastKnownFileType = sourcecode.c.objc; path = User.m; sourceTree = "<group>"; };
		C4665C74201A0C8CC6A05334 /* Pods-kefu.debug.xcconfig */ = {isa = PBXFileReference; includeInIndex = 1; lastKnownFileType = text.xcconfig; name = "Pods-kefu.debug.xcconfig"; path = "Pods/Target Support Files/Pods-kefu/Pods-kefu.debug.xcconfig"; sourceTree = "<group>"; };
		F009DD8FF86F9E4672B5E65B /* libPods-kefu.a */ = {isa = PBXFileReference; explicitFileType = archive.ar; includeInIndex = 0; path = "libPods-kefu.a"; sourceTree = BUILT_PRODUCTS_DIR; };
/* End PBXFileReference section */

/* Begin PBXFrameworksBuildPhase section */
		6D12EC5E1CB517650003A03B /* Frameworks */ = {
			isa = PBXFrameworksBuildPhase;
			buildActionMask = 2147483647;
			files = (
				6D76AFC41D0FC1F100C9E89A /* libresolv.tbd in Frameworks */,
				C5F26F771D27A072D32C2FDA /* libPods-kefu.a in Frameworks */,
			);
			runOnlyForDeploymentPostprocessing = 0;
		};
/* End PBXFrameworksBuildPhase section */

/* Begin PBXGroup section */
		41493CA340133906C8067453 /* Frameworks */ = {
			isa = PBXGroup;
			children = (
				6D76AFC31D0FC1F100C9E89A /* libresolv.tbd */,
				F009DD8FF86F9E4672B5E65B /* libPods-kefu.a */,
			);
			name = Frameworks;
			sourceTree = "<group>";
		};
		4803C7EA1CC3B323007550E6 /* login */ = {
			isa = PBXGroup;
			children = (
				4803C7F61CC3B323007550E6 /* LoginViewController.h */,
				4803C7F71CC3B323007550E6 /* LoginViewController.m */,
				4803C7F81CC3B323007550E6 /* LoginViewController.xib */,
				4803C7F91CC3B323007550E6 /* LoginViewOneCell.h */,
				4803C7FA1CC3B323007550E6 /* LoginViewOneCell.m */,
				4803C7FB1CC3B323007550E6 /* LoginViewOneCell.xib */,
				4803C7FF1CC3B323007550E6 /* LoginViewTwoCell.h */,
				4803C8001CC3B323007550E6 /* LoginViewTwoCell.m */,
				4803C8011CC3B323007550E6 /* LoginViewTwoCell.xib */,
			);
			path = login;
			sourceTree = "<group>";
		};
		487D48BC1CC3E350005DE19D /* setting */ = {
			isa = PBXGroup;
			children = (
				487D48C01CC3E350005DE19D /* SettingViewController.h */,
				487D48C11CC3E350005DE19D /* SettingViewController.m */,
				487D48C21CC3E350005DE19D /* SettingViewController.xib */,
				487D48BD1CC3E350005DE19D /* QuitTableViewCell.h */,
				487D48BE1CC3E350005DE19D /* QuitTableViewCell.m */,
				487D48BF1CC3E350005DE19D /* QuitTableViewCell.xib */,
				487D48C71CC3E365005DE19D /* SettingInforTableViewCell.h */,
				487D48C81CC3E365005DE19D /* SettingInforTableViewCell.m */,
				487D48C91CC3E365005DE19D /* SettingInforTableViewCell.xib */,
			);
			path = setting;
			sourceTree = "<group>";
		};
		6D12EC581CB517650003A03B = {
			isa = PBXGroup;
			children = (
				6D12EC631CB517650003A03B /* kefu */,
				6D12EC621CB517650003A03B /* Products */,
				41493CA340133906C8067453 /* Frameworks */,
				FC946D3F009B195754A41609 /* Pods */,
			);
			sourceTree = "<group>";
		};
		6D12EC621CB517650003A03B /* Products */ = {
			isa = PBXGroup;
			children = (
				6D12EC611CB517650003A03B /* kefu.app */,
			);
			name = Products;
			sourceTree = "<group>";
		};
		6D12EC631CB517650003A03B /* kefu */ = {
			isa = PBXGroup;
			children = (
				6DBB2CCE1DBE246800BC545A /* model */,
				487D48BC1CC3E350005DE19D /* setting */,
				4803C7EA1CC3B323007550E6 /* login */,
				6D76AFC01D0FC19100C9E89A /* ResolveUtil.h */,
				6D76AFC11D0FC19100C9E89A /* ResolveUtil.m */,
				487D48CC1CC3EAD4005DE19D /* UIAlertView+XPAlertView.h */,
				487D48CD1CC3EAD4005DE19D /* UIAlertView+XPAlertView.m */,
				6D12EC671CB517650003A03B /* AppDelegate.h */,
				6D12EC681CB517650003A03B /* AppDelegate.m */,
				487D48AE1CC3D9EE005DE19D /* BaseViewController.h */,
				487D48AF1CC3D9EE005DE19D /* BaseViewController.m */,
				6D12EC931CB606390003A03B /* MessageConversationCell.h */,
				6D12EC941CB606390003A03B /* MessageConversationCell.m */,
				6D12EC951CB606390003A03B /* MessageConversationCell.xib */,
				6D2521A21CC1D8F1004C6FBE /* CustomerConversation.h */,
				6D2521A31CC1D8F1004C6FBE /* CustomerConversation.m */,
				6D485DF91CC3612E0082588F /* CustomerSupportOutbox.h */,
				6D485DFA1CC3612E0082588F /* CustomerSupportOutbox.m */,
				6D25219F1CC1D58F004C6FBE /* CustomerSupportMessageDB.h */,
				6D2521A01CC1D58F004C6FBE /* CustomerSupportMessageDB.m */,
				6D2521A51CC1DF27004C6FBE /* CustomerSupportMessageHandler.h */,
				6D2521A61CC1DF27004C6FBE /* CustomerSupportMessageHandler.m */,
				6D25219C1CBFF598004C6FBE /* CustomerSupportViewController.h */,
				6D25219D1CBFF598004C6FBE /* CustomerSupportViewController.m */,
				6D12EC901CB6061E0003A03B /* CustomerMessageListViewController.h */,
				6D12EC911CB6061E0003A03B /* CustomerMessageListViewController.m */,
				6DBB2CCB1DBDC06500BC545A /* XWCustomerOutbox.h */,
				6DBB2CCC1DBDC06500BC545A /* XWCustomerOutbox.m */,
				6DBB2CC81DBDBCC800BC545A /* XWMessageViewController.h */,
				6DBB2CC91DBDBCC800BC545A /* XWMessageViewController.m */,
				6D485E111CE17ED90082588F /* RobotViewController.h */,
				6D485E121CE17ED90082588F /* RobotViewController.m */,
				6D485E031CC71E660082588F /* MainViewController.h */,
				6D485E041CC71E660082588F /* MainViewController.m */,
				6D25B3BF1DC19D64009F99EA /* API.h */,
				6D25B3C01DC19D64009F99EA /* API.m */,
				6D485DFC1CC616610082588F /* Config.h */,
				6D12EC701CB517650003A03B /* Assets.xcassets */,
				6D12EC881CB600C60003A03B /* Info.plist */,
				6D12EC641CB517650003A03B /* Supporting Files */,
			);
			path = kefu;
			sourceTree = "<group>";
		};
		6D12EC641CB517650003A03B /* Supporting Files */ = {
			isa = PBXGroup;
			children = (
				6D12EC8E1CB604010003A03B /* InfoPlist.strings */,
				6D12EC821CB5FFC70003A03B /* Localizable.strings */,
				6D12EC651CB517650003A03B /* main.m */,
			);
			name = "Supporting Files";
			sourceTree = "<group>";
		};
		6DBB2CCE1DBE246800BC545A /* model */ = {
			isa = PBXGroup;
			children = (
				6DBB2CCF1DBE246800BC545A /* AppDB.h */,
				6DBB2CD01DBE246800BC545A /* AppDB.m */,
				6DBB2CD11DBE246800BC545A /* ConversationDB.h */,
				6DBB2CD21DBE246800BC545A /* ConversationDB.m */,
				6DBB2CD31DBE246800BC545A /* Token.h */,
				6DBB2CD41DBE246800BC545A /* Token.m */,
				6DBB2CD51DBE246800BC545A /* User.h */,
				6DBB2CD61DBE246800BC545A /* User.m */,
				6D25B3C21DC1BF02009F99EA /* Profile.h */,
				6D25B3C31DC1BF02009F99EA /* Profile.m */,
			);
			path = model;
			sourceTree = "<group>";
		};
		FC946D3F009B195754A41609 /* Pods */ = {
			isa = PBXGroup;
			children = (
				C4665C74201A0C8CC6A05334 /* Pods-kefu.debug.xcconfig */,
				365D915E778939EA0F924E59 /* Pods-kefu.release.xcconfig */,
			);
			name = Pods;
			sourceTree = "<group>";
		};
/* End PBXGroup section */

/* Begin PBXNativeTarget section */
		6D12EC601CB517650003A03B /* kefu */ = {
			isa = PBXNativeTarget;
			buildConfigurationList = 6D12EC781CB517650003A03B /* Build configuration list for PBXNativeTarget "kefu" */;
			buildPhases = (
				CC080F843FEF5FB16E123341 /* [CP] Check Pods Manifest.lock */,
				6D12EC5D1CB517650003A03B /* Sources */,
				6D12EC5E1CB517650003A03B /* Frameworks */,
				6D12EC5F1CB517650003A03B /* Resources */,
				E1A476C7533AF4FA5201E886 /* [CP] Embed Pods Frameworks */,
				58725981A87BE6490D7C6CE2 /* [CP] Copy Pods Resources */,
			);
			buildRules = (
			);
			dependencies = (
			);
			name = kefu;
			productName = kefu;
			productReference = 6D12EC611CB517650003A03B /* kefu.app */;
			productType = "com.apple.product-type.application";
		};
/* End PBXNativeTarget section */

/* Begin PBXProject section */
		6D12EC591CB517650003A03B /* Project object */ = {
			isa = PBXProject;
			attributes = {
				LastUpgradeCheck = 0800;
				ORGANIZATIONNAME = beetle;
				TargetAttributes = {
					6D12EC601CB517650003A03B = {
						CreatedOnToolsVersion = 7.2;
						DevelopmentTeam = HB5A8TLKYL;
					};
				};
			};
			buildConfigurationList = 6D12EC5C1CB517650003A03B /* Build configuration list for PBXProject "kefu" */;
			compatibilityVersion = "Xcode 3.2";
			developmentRegion = English;
			hasScannedForEncodings = 0;
			knownRegions = (
				Base,
				"zh-Hans",
			);
			mainGroup = 6D12EC581CB517650003A03B;
			productRefGroup = 6D12EC621CB517650003A03B /* Products */;
			projectDirPath = "";
			projectRoot = "";
			targets = (
				6D12EC601CB517650003A03B /* kefu */,
			);
		};
/* End PBXProject section */

/* Begin PBXResourcesBuildPhase section */
		6D12EC5F1CB517650003A03B /* Resources */ = {
			isa = PBXResourcesBuildPhase;
			buildActionMask = 2147483647;
			files = (
				4803C80C1CC3B323007550E6 /* LoginViewController.xib in Resources */,
				487D48C61CC3E350005DE19D /* SettingViewController.xib in Resources */,
				6D12EC8C1CB604010003A03B /* InfoPlist.strings in Resources */,
				4803C80E1CC3B323007550E6 /* LoginViewOneCell.xib in Resources */,
				6D12EC801CB5FFC70003A03B /* Localizable.strings in Resources */,
				6D12EC711CB517650003A03B /* Assets.xcassets in Resources */,
				4803C8121CC3B323007550E6 /* LoginViewTwoCell.xib in Resources */,
				6D12EC971CB606390003A03B /* MessageConversationCell.xib in Resources */,
				487D48CB1CC3E365005DE19D /* SettingInforTableViewCell.xib in Resources */,
				487D48C41CC3E350005DE19D /* QuitTableViewCell.xib in Resources */,
			);
			runOnlyForDeploymentPostprocessing = 0;
		};
/* End PBXResourcesBuildPhase section */

/* Begin PBXShellScriptBuildPhase section */
		58725981A87BE6490D7C6CE2 /* [CP] Copy Pods Resources */ = {
			isa = PBXShellScriptBuildPhase;
			buildActionMask = 2147483647;
			files = (
			);
			inputPaths = (
			);
			name = "[CP] Copy Pods Resources";
			outputPaths = (
			);
			runOnlyForDeploymentPostprocessing = 0;
			shellPath = /bin/sh;
			shellScript = "\"${SRCROOT}/Pods/Target Support Files/Pods-kefu/Pods-kefu-resources.sh\"\n";
			showEnvVarsInLog = 0;
		};
		CC080F843FEF5FB16E123341 /* [CP] Check Pods Manifest.lock */ = {
			isa = PBXShellScriptBuildPhase;
			buildActionMask = 2147483647;
			files = (
			);
			inputPaths = (
			);
			name = "[CP] Check Pods Manifest.lock";
			outputPaths = (
			);
			runOnlyForDeploymentPostprocessing = 0;
			shellPath = /bin/sh;
			shellScript = "diff \"${PODS_ROOT}/../Podfile.lock\" \"${PODS_ROOT}/Manifest.lock\" > /dev/null\nif [[ $? != 0 ]] ; then\n    cat << EOM\nerror: The sandbox is not in sync with the Podfile.lock. Run 'pod install' or update your CocoaPods installation.\nEOM\n    exit 1\nfi\n";
			showEnvVarsInLog = 0;
		};
		E1A476C7533AF4FA5201E886 /* [CP] Embed Pods Frameworks */ = {
			isa = PBXShellScriptBuildPhase;
			buildActionMask = 2147483647;
			files = (
			);
			inputPaths = (
			);
			name = "[CP] Embed Pods Frameworks";
			outputPaths = (
			);
			runOnlyForDeploymentPostprocessing = 0;
			shellPath = /bin/sh;
			shellScript = "\"${SRCROOT}/Pods/Target Support Files/Pods-kefu/Pods-kefu-frameworks.sh\"\n";
			showEnvVarsInLog = 0;
		};
/* End PBXShellScriptBuildPhase section */

/* Begin PBXSourcesBuildPhase section */
		6D12EC5D1CB517650003A03B /* Sources */ = {
			isa = PBXSourcesBuildPhase;
			buildActionMask = 2147483647;
			files = (
				6DBB2CDA1DBE246800BC545A /* User.m in Sources */,
				6DBB2CD81DBE246800BC545A /* ConversationDB.m in Sources */,
				6DBB2CD91DBE246800BC545A /* Token.m in Sources */,
				6D25219E1CBFF598004C6FBE /* CustomerSupportViewController.m in Sources */,
				6D485DFB1CC3612E0082588F /* CustomerSupportOutbox.m in Sources */,
				6D25B3C41DC1BF02009F99EA /* Profile.m in Sources */,
				4803C80D1CC3B323007550E6 /* LoginViewOneCell.m in Sources */,
				6DBB2CCD1DBDC06500BC545A /* XWCustomerOutbox.m in Sources */,
				6D485E051CC71E660082588F /* MainViewController.m in Sources */,
				487D48C31CC3E350005DE19D /* QuitTableViewCell.m in Sources */,
				6D76AFC21D0FC19100C9E89A /* ResolveUtil.m in Sources */,
				6D12EC921CB6061E0003A03B /* CustomerMessageListViewController.m in Sources */,
				6D2521A71CC1DF27004C6FBE /* CustomerSupportMessageHandler.m in Sources */,
				487D48B01CC3D9EE005DE19D /* BaseViewController.m in Sources */,
				6D12EC691CB517650003A03B /* AppDelegate.m in Sources */,
				6DBB2CCA1DBDBCC800BC545A /* XWMessageViewController.m in Sources */,
				4803C8111CC3B323007550E6 /* LoginViewTwoCell.m in Sources */,
				6D12EC661CB517650003A03B /* main.m in Sources */,
				6D12EC961CB606390003A03B /* MessageConversationCell.m in Sources */,
				6DBB2CD71DBE246800BC545A /* AppDB.m in Sources */,
				6D2521A41CC1D8F1004C6FBE /* CustomerConversation.m in Sources */,
				6D2521A11CC1D58F004C6FBE /* CustomerSupportMessageDB.m in Sources */,
				4803C80B1CC3B323007550E6 /* LoginViewController.m in Sources */,
				487D48CA1CC3E365005DE19D /* SettingInforTableViewCell.m in Sources */,
				6D485E131CE17ED90082588F /* RobotViewController.m in Sources */,
				6D25B3C11DC19D64009F99EA /* API.m in Sources */,
				487D48C51CC3E350005DE19D /* SettingViewController.m in Sources */,
				487D48CE1CC3EAD4005DE19D /* UIAlertView+XPAlertView.m in Sources */,
			);
			runOnlyForDeploymentPostprocessing = 0;
		};
/* End PBXSourcesBuildPhase section */

/* Begin PBXVariantGroup section */
		6D12EC821CB5FFC70003A03B /* Localizable.strings */ = {
			isa = PBXVariantGroup;
			children = (
				6D12EC811CB5FFC70003A03B /* Base */,
				6D12EC841CB600090003A03B /* zh-Hans */,
			);
			name = Localizable.strings;
			sourceTree = "<group>";
		};
		6D12EC8E1CB604010003A03B /* InfoPlist.strings */ = {
			isa = PBXVariantGroup;
			children = (
				6D12EC8D1CB604010003A03B /* Base */,
				6D12EC8F1CB604030003A03B /* zh-Hans */,
			);
			name = InfoPlist.strings;
			sourceTree = "<group>";
		};
/* End PBXVariantGroup section */

/* Begin XCBuildConfiguration section */
		6D12EC761CB517650003A03B /* Debug */ = {
			isa = XCBuildConfiguration;
			buildSettings = {
				ALWAYS_SEARCH_USER_PATHS = NO;
				CLANG_CXX_LANGUAGE_STANDARD = "gnu++0x";
				CLANG_CXX_LIBRARY = "libc++";
				CLANG_ENABLE_MODULES = YES;
				CLANG_ENABLE_OBJC_ARC = YES;
				CLANG_WARN_BOOL_CONVERSION = YES;
				CLANG_WARN_CONSTANT_CONVERSION = YES;
				CLANG_WARN_DIRECT_OBJC_ISA_USAGE = YES_ERROR;
				CLANG_WARN_EMPTY_BODY = YES;
				CLANG_WARN_ENUM_CONVERSION = YES;
				CLANG_WARN_INFINITE_RECURSION = YES;
				CLANG_WARN_INT_CONVERSION = YES;
				CLANG_WARN_OBJC_ROOT_CLASS = YES_ERROR;
				CLANG_WARN_SUSPICIOUS_MOVE = YES;
				CLANG_WARN_UNREACHABLE_CODE = YES;
				CLANG_WARN__DUPLICATE_METHOD_MATCH = YES;
				"CODE_SIGN_IDENTITY[sdk=iphoneos*]" = "iPhone Developer";
				COPY_PHASE_STRIP = NO;
				DEBUG_INFORMATION_FORMAT = dwarf;
				ENABLE_BITCODE = NO;
				ENABLE_STRICT_OBJC_MSGSEND = YES;
				ENABLE_TESTABILITY = YES;
				GCC_C_LANGUAGE_STANDARD = gnu99;
				GCC_DYNAMIC_NO_PIC = NO;
				GCC_NO_COMMON_BLOCKS = YES;
				GCC_OPTIMIZATION_LEVEL = 0;
				GCC_PREPROCESSOR_DEFINITIONS = (
					"DEBUG=1",
					"$(inherited)",
				);
				GCC_WARN_64_TO_32_BIT_CONVERSION = YES;
				GCC_WARN_ABOUT_RETURN_TYPE = YES_ERROR;
				GCC_WARN_UNDECLARED_SELECTOR = YES;
				GCC_WARN_UNINITIALIZED_AUTOS = YES_AGGRESSIVE;
				GCC_WARN_UNUSED_FUNCTION = YES;
				GCC_WARN_UNUSED_VARIABLE = YES;
				IPHONEOS_DEPLOYMENT_TARGET = 8.0;
				MTL_ENABLE_DEBUG_INFO = YES;
				ONLY_ACTIVE_ARCH = YES;
				SDKROOT = iphoneos;
			};
			name = Debug;
		};
		6D12EC771CB517650003A03B /* Release */ = {
			isa = XCBuildConfiguration;
			buildSettings = {
				ALWAYS_SEARCH_USER_PATHS = NO;
				CLANG_CXX_LANGUAGE_STANDARD = "gnu++0x";
				CLANG_CXX_LIBRARY = "libc++";
				CLANG_ENABLE_MODULES = YES;
				CLANG_ENABLE_OBJC_ARC = YES;
				CLANG_WARN_BOOL_CONVERSION = YES;
				CLANG_WARN_CONSTANT_CONVERSION = YES;
				CLANG_WARN_DIRECT_OBJC_ISA_USAGE = YES_ERROR;
				CLANG_WARN_EMPTY_BODY = YES;
				CLANG_WARN_ENUM_CONVERSION = YES;
				CLANG_WARN_INFINITE_RECURSION = YES;
				CLANG_WARN_INT_CONVERSION = YES;
				CLANG_WARN_OBJC_ROOT_CLASS = YES_ERROR;
				CLANG_WARN_SUSPICIOUS_MOVE = YES;
				CLANG_WARN_UNREACHABLE_CODE = YES;
				CLANG_WARN__DUPLICATE_METHOD_MATCH = YES;
				"CODE_SIGN_IDENTITY[sdk=iphoneos*]" = "iPhone Developer";
				COPY_PHASE_STRIP = NO;
				DEBUG_INFORMATION_FORMAT = "dwarf-with-dsym";
				ENABLE_BITCODE = NO;
				ENABLE_NS_ASSERTIONS = NO;
				ENABLE_STRICT_OBJC_MSGSEND = YES;
				GCC_C_LANGUAGE_STANDARD = gnu99;
				GCC_NO_COMMON_BLOCKS = YES;
				GCC_WARN_64_TO_32_BIT_CONVERSION = YES;
				GCC_WARN_ABOUT_RETURN_TYPE = YES_ERROR;
				GCC_WARN_UNDECLARED_SELECTOR = YES;
				GCC_WARN_UNINITIALIZED_AUTOS = YES_AGGRESSIVE;
				GCC_WARN_UNUSED_FUNCTION = YES;
				GCC_WARN_UNUSED_VARIABLE = YES;
				IPHONEOS_DEPLOYMENT_TARGET = 8.0;
				MTL_ENABLE_DEBUG_INFO = NO;
				SDKROOT = iphoneos;
				VALIDATE_PRODUCT = YES;
			};
			name = Release;
		};
		6D12EC791CB517650003A03B /* Debug */ = {
			isa = XCBuildConfiguration;
			baseConfigurationReference = C4665C74201A0C8CC6A05334 /* Pods-kefu.debug.xcconfig */;
			buildSettings = {
				ASSETCATALOG_COMPILER_APPICON_NAME = AppIcon;
				ASSETCATALOG_COMPILER_LAUNCHIMAGE_NAME = "Brand Assets";
				CODE_SIGN_IDENTITY = "iPhone Developer: Zhifeng Zhou (PV548P44SL)";
				"CODE_SIGN_IDENTITY[sdk=iphoneos*]" = "iPhone Developer: Zhifeng Zhou (PV548P44SL)";
				DEVELOPMENT_TEAM = HB5A8TLKYL;
				GCC_PREFIX_HEADER = "";
				GCC_PREPROCESSOR_DEFINITIONS = (
					"$(inherited)",
					"COCOAPODS=1",
					MAS_SHORTHAND,
				);
				INFOPLIST_FILE = kefu/Info.plist;
				IPHONEOS_DEPLOYMENT_TARGET = 8.0;
				LD_RUNPATH_SEARCH_PATHS = "$(inherited) @executable_path/Frameworks";
				PRODUCT_BUNDLE_IDENTIFIER = com.beetle.kefu;
				PRODUCT_NAME = "$(TARGET_NAME)";
				PROVISIONING_PROFILE = "3cbabbad-77a8-49f6-85d4-976e398cfa9f";
			};
			name = Debug;
		};
		6D12EC7A1CB517650003A03B /* Release */ = {
			isa = XCBuildConfiguration;
			baseConfigurationReference = 365D915E778939EA0F924E59 /* Pods-kefu.release.xcconfig */;
			buildSettings = {
				ASSETCATALOG_COMPILER_APPICON_NAME = AppIcon;
				ASSETCATALOG_COMPILER_LAUNCHIMAGE_NAME = "Brand Assets";
				CODE_SIGN_IDENTITY = "iPhone Distribution: Zhifeng Zhou (HB5A8TLKYL)";
				"CODE_SIGN_IDENTITY[sdk=iphoneos*]" = "iPhone Distribution: Zhifeng Zhou (HB5A8TLKYL)";
				DEVELOPMENT_TEAM = HB5A8TLKYL;
				GCC_PREFIX_HEADER = "";
				GCC_PREPROCESSOR_DEFINITIONS = (
					"$(inherited)",
					"COCOAPODS=1",
					MAS_SHORTHAND,
				);
				INFOPLIST_FILE = kefu/Info.plist;
				IPHONEOS_DEPLOYMENT_TARGET = 8.0;
				LD_RUNPATH_SEARCH_PATHS = "$(inherited) @executable_path/Frameworks";
				PRODUCT_BUNDLE_IDENTIFIER = com.beetle.kefu;
				PRODUCT_NAME = "$(TARGET_NAME)";
				PROVISIONING_PROFILE = "5c3562a1-518f-481e-95fd-8ed236ac7958";
			};
			name = Release;
		};
/* End XCBuildConfiguration section */

/* Begin XCConfigurationList section */
		6D12EC5C1CB517650003A03B /* Build configuration list for PBXProject "kefu" */ = {
			isa = XCConfigurationList;
			buildConfigurations = (
				6D12EC761CB517650003A03B /* Debug */,
				6D12EC771CB517650003A03B /* Release */,
			);
			defaultConfigurationIsVisible = 0;
			defaultConfigurationName = Release;
		};
		6D12EC781CB517650003A03B /* Build configuration list for PBXNativeTarget "kefu" */ = {
			isa = XCConfigurationList;
			buildConfigurations = (
				6D12EC791CB517650003A03B /* Debug */,
				6D12EC7A1CB517650003A03B /* Release */,
			);
			defaultConfigurationIsVisible = 0;
			defaultConfigurationName = Release;
		};
/* End XCConfigurationList section */
	};
	rootObject = 6D12EC591CB517650003A03B /* Project object */;
}
